lockfileVersion: '9.0'

settings:
  autoInstallPeers: true
  excludeLinksFromLockfile: false

importers:

  .:
    dependencies:
      '@effect/cluster':
        specifier: ^0.56.0
        version: 0.56.4(@effect/platform@0.94.5(effect@3.19.19))(@effect/rpc@0.73.2(@effect/platform@0.94.5(effect@3.19.19))(effect@3.19.19))(@effect/sql@0.49.0(@effect/experimental@0.58.0(@effect/platform@0.94.5(effect@3.19.19))(effect@3.19.19))(@effect/platform@0.94.5(effect@3.19.19))(effect@3.19.19))(@effect/workflow@0.16.0(@effect/experimental@0.58.0(@effect/platform@0.94.5(effect@3.19.19))(effect@3.19.19))(@effect/platform@0.94.5(effect@3.19.19))(@effect/rpc@0.73.2(@effect/platform@0.94.5(effect@3.19.19))(effect@3.19.19))(effect@3.19.19))(effect@3.19.19)
      '@eventiva/core':
        specifier: workspace:*
        version: link:../../core
      '@eventiva/extensions.contact':
        specifier: workspace:*
        version: link:../../extensions/contact
      '@eventiva/extensions.hello-world':
        specifier: workspace:*
        version: link:../../extensions/hello-world
      effect:
        specifier: ^3.19.17
        version: 3.19.19

packages:

  '@effect/cluster@0.56.4':
    resolution: {integrity: sha512-7Je5/JlbZOlsSxsbKjr97dJed2cNGWsb+TLNgMcr5mRDbcWlFOTUGvsrisEJV6waosYLIg+2omPdvnvRoYKdhA==}
    peerDependencies:
      '@effect/platform': ^0.94.5
      '@effect/rpc': ^0.73.1
      '@effect/sql': ^0.49.0
      '@effect/workflow': ^0.16.0
      effect: ^3.19.17

  '@effect/experimental@0.58.0':
    resolution: {integrity: sha512-IEP9sapjF6rFy5TkoqDPc86st/fnqUfjT7Xa3pWJrFGr1hzaMXHo+mWsYOZS9LAOVKnpHuVziDK97EP5qsCHVA==}
    peerDependencies:
      '@effect/platform': ^0.94.0
      effect: ^3.19.13
      ioredis: ^5
      lmdb: ^3
    peerDependenciesMeta:
      ioredis:
        optional: true
      lmdb:
        optional: true

  '@effect/platform@0.94.5':
    resolution: {integrity: sha512-z05APUiDDPbodhTkH/RJqOLoCU11bU2IZLfcwLFrld03+ob1VeqRnELQlmueLIYm6NZifHAtjl32V+GRt34y4A==}
    peerDependencies:
      effect: ^3.19.17

  '@effect/rpc@0.73.2':
    resolution: {integrity: sha512-td7LHDgBOYKg+VgGWEelD8rSAmvjXz7am17vfxZROX5qIYuvH7drL/z4p5xQFadhHZ7DYdlFpqdO9ggc77OCIw==}
    peerDependencies:
      '@effect/platform': ^0.94.5
      effect: ^3.19.18

  '@effect/sql@0.49.0':
    resolution: {integrity: sha512-9UEKR+z+MrI/qMAmSvb/RiD9KlgIazjZUCDSpwNgm0lEK9/Q6ExEyfziiYFVCPiptp52cBw8uBHRic8hHnwqXA==}
    peerDependencies:
      '@effect/experimental': ^0.58.0
      '@effect/platform': ^0.94.0
      effect: ^3.19.13

  '@effect/workflow@0.16.0':
    resolution: {integrity: sha512-MiAdlxx3TixkgHdbw+Yf1Z3tHAAE0rOQga12kIydJqj05Fnod+W/I+kQGRMY/XWRg+QUsVxhmh1qTr7Ype6lrw==}
    peerDependencies:
      '@effect/experimental': ^0.58.0
      '@effect/platform': ^0.94.0
      '@effect/rpc': ^0.73.0
      effect: ^3.19.13

  '@msgpackr-extract/msgpackr-extract-darwin-arm64@3.0.3':
    resolution: {integrity: sha512-QZHtlVgbAdy2zAqNA9Gu1UpIuI8Xvsd1v8ic6B2pZmeFnFcMWiPLfWXh7TVw4eGEZ/C9TH281KwhVoeQUKbyjw==}
    cpu: [arm64]
    os: [darwin]

  '@msgpackr-extract/msgpackr-extract-darwin-x64@3.0.3':
    resolution: {integrity: sha512-mdzd3AVzYKuUmiWOQ8GNhl64/IoFGol569zNRdkLReh6LRLHOXxU4U8eq0JwaD8iFHdVGqSy4IjFL4reoWCDFw==}
    cpu: [x64]
    os: [darwin]

  '@msgpackr-extract/msgpackr-extract-linux-arm64@3.0.3':
    resolution: {integrity: sha512-YxQL+ax0XqBJDZiKimS2XQaf+2wDGVa1enVRGzEvLLVFeqa5kx2bWbtcSXgsxjQB7nRqqIGFIcLteF/sHeVtQg==}
    cpu: [arm64]
    os: [linux]

  '@msgpackr-extract/msgpackr-extract-linux-arm@3.0.3':
    resolution: {integrity: sha512-fg0uy/dG/nZEXfYilKoRe7yALaNmHoYeIoJuJ7KJ+YyU2bvY8vPv27f7UKhGRpY6euFYqEVhxCFZgAUNQBM3nw==}
    cpu: [arm]
    os: [linux]

  '@msgpackr-extract/msgpackr-extract-linux-x64@3.0.3':
    resolution: {integrity: sha512-cvwNfbP07pKUfq1uH+S6KJ7dT9K8WOE4ZiAcsrSes+UY55E/0jLYc+vq+DO7jlmqRb5zAggExKm0H7O/CBaesg==}
    cpu: [x64]
    os: [linux]

  '@msgpackr-extract/msgpackr-extract-win32-x64@3.0.3':
    resolution: {integrity: sha512-x0fWaQtYp4E6sktbsdAqnehxDgEc/VwM7uLsRCYWaiGu0ykYdZPiS8zCWdnjHwyiumousxfBm4SO31eXqwEZhQ==}
    cpu: [x64]
    os: [win32]

  '@standard-schema/spec@1.1.0':
    resolution: {integrity: sha512-l2aFy5jALhniG5HgqrD6jXLi/rUWrKvqN/qJx6yoJsgKhblVd+iqqU4RCXavm/jPityDo5TCvKMnpjKnOriy0w==}

  detect-libc@2.1.2:
    resolution: {integrity: sha512-Btj2BOOO83o3WyH59e8MgXsxEQVcarkUOpEYrubB0urwnN10yQ364rsiByU11nZlqWYZm05i/of7io4mzihBtQ==}
    engines: {node: '>=8'}

  effect@3.19.19:
    resolution: {integrity: sha512-Yc8U/SVXo2dHnaP7zNBlAo83h/nzSJpi7vph6Hzyl4ulgMBIgPmz3UzOjb9sBgpFE00gC0iETR244sfXDNLHRg==}

  fast-check@3.23.2:
    resolution: {integrity: sha512-h5+1OzzfCC3Ef7VbtKdcv7zsstUQwUDlYpUTvjeUsJAssPgLn7QzbboPtL5ro04Mq0rPOsMzl7q5hIbRs2wD1A==}
    engines: {node: '>=8.0.0'}

  find-my-way-ts@0.1.6:
    resolution: {integrity: sha512-a85L9ZoXtNAey3Y6Z+eBWW658kO/MwR7zIafkIUPUMf3isZG0NCs2pjW2wtjxAKuJPxMAsHUIP4ZPGv0o5gyTA==}

  kubernetes-types@1.30.0:
    resolution: {integrity: sha512-Dew1okvhM/SQcIa2rcgujNndZwU8VnSapDgdxlYoB84ZlpAD43U6KLAFqYo17ykSFGHNPrg0qry0bP+GJd9v7Q==}

  msgpackr-extract@3.0.3:
    resolution: {integrity: sha512-P0efT1C9jIdVRefqjzOQ9Xml57zpOXnIuS+csaB4MdZbTdmGDLo8XhzBG1N7aO11gKDDkJvBLULeFTo46wwreA==}
    hasBin: true

  msgpackr@1.11.8:
    resolution: {integrity: sha512-bC4UGzHhVvgDNS7kn9tV8fAucIYUBuGojcaLiz7v+P63Lmtm0Xeji8B/8tYKddALXxJLpwIeBmUN3u64C4YkRA==}

  multipasta@0.2.7:
    resolution: {integrity: sha512-KPA58d68KgGil15oDqXjkUBEBYc00XvbPj5/X+dyzeo/lWm9Nc25pQRlf1D+gv4OpK7NM0J1odrbu9JNNGvynA==}

  node-gyp-build-optional-packages@5.2.2:
    resolution: {integrity: sha512-s+w+rBWnpTMwSFbaE0UXsRlg7hU4FjekKU4eyAih5T8nJuNZT1nNsskXpxmeqSK9UzkBl6UgRlnKc8hz8IEqOw==}
    hasBin: true

  pure-rand@6.1.0:
    resolution: {integrity: sha512-bVWawvoZoBYpp6yIoQtQXHZjmz35RSVHnUOTefl8Vcjr8snTPY1wnpSPMWekcFwbxI6gtmT7rSYPFvz71ldiOA==}

  uuid@11.1.0:
    resolution: {integrity: sha512-0/A9rDy9P7cJ+8w1c9WD9V//9Wj15Ce2MPz8Ri6032usz+NfePxx5AcN3bN+r6ZL6jEo066/yNYB3tn4pQEx+A==}
    hasBin: true

snapshots:

  '@effect/cluster@0.56.4(@effect/platform@0.94.5(effect@3.19.19))(@effect/rpc@0.73.2(@effect/platform@0.94.5(effect@3.19.19))(effect@3.19.19))(@effect/sql@0.49.0(@effect/experimental@0.58.0(@effect/platform@0.94.5(effect@3.19.19))(effect@3.19.19))(@effect/platform@0.94.5(effect@3.19.19))(effect@3.19.19))(@effect/workflow@0.16.0(@effect/experimental@0.58.0(@effect/platform@0.94.5(effect@3.19.19))(effect@3.19.19))(@effect/platform@0.94.5(effect@3.19.19))(@effect/rpc@0.73.2(@effect/platform@0.94.5(effect@3.19.19))(effect@3.19.19))(effect@3.19.19))(effect@3.19.19)':
    dependencies:
      '@effect/platform': 0.94.5(effect@3.19.19)
      '@effect/rpc': 0.73.2(@effect/platform@0.94.5(effect@3.19.19))(effect@3.19.19)
      '@effect/sql': 0.49.0(@effect/experimental@0.58.0(@effect/platform@0.94.5(effect@3.19.19))(effect@3.19.19))(@effect/platform@0.94.5(effect@3.19.19))(effect@3.19.19)
      '@effect/workflow': 0.16.0(@effect/experimental@0.58.0(@effect/platform@0.94.5(effect@3.19.19))(effect@3.19.19))(@effect/platform@0.94.5(effect@3.19.19))(@effect/rpc@0.73.2(@effect/platform@0.94.5(effect@3.19.19))(effect@3.19.19))(effect@3.19.19)
      effect: 3.19.19
      kubernetes-types: 1.30.0

  '@effect/experimental@0.58.0(@effect/platform@0.94.5(effect@3.19.19))(effect@3.19.19)':
    dependencies:
      '@effect/platform': 0.94.5(effect@3.19.19)
      effect: 3.19.19
      uuid: 11.1.0

  '@effect/platform@0.94.5(effect@3.19.19)':
    dependencies:
      effect: 3.19.19
      find-my-way-ts: 0.1.6
      msgpackr: 1.11.8
      multipasta: 0.2.7

  '@effect/rpc@0.73.2(@effect/platform@0.94.5(effect@3.19.19))(effect@3.19.19)':
    dependencies:
      '@effect/platform': 0.94.5(effect@3.19.19)
      effect: 3.19.19
      msgpackr: 1.11.8

  '@effect/sql@0.49.0(@effect/experimental@0.58.0(@effect/platform@0.94.5(effect@3.19.19))(effect@3.19.19))(@effect/platform@0.94.5(effect@3.19.19))(effect@3.19.19)':
    dependencies:
      '@effect/experimental': 0.58.0(@effect/platform@0.94.5(effect@3.19.19))(effect@3.19.19)
      '@effect/platform': 0.94.5(effect@3.19.19)
      effect: 3.19.19
      uuid: 11.1.0

  '@effect/workflow@0.16.0(@effect/experimental@0.58.0(@effect/platform@0.94.5(effect@3.19.19))(effect@3.19.19))(@effect/platform@0.94.5(effect@3.19.19))(@effect/rpc@0.73.2(@effect/platform@0.94.5(effect@3.19.19))(effect@3.19.19))(effect@3.19.19)':
    dependencies:
      '@effect/experimental': 0.58.0(@effect/platform@0.94.5(effect@3.19.19))(effect@3.19.19)
      '@effect/platform': 0.94.5(effect@3.19.19)
      '@effect/rpc': 0.73.2(@effect/platform@0.94.5(effect@3.19.19))(effect@3.19.19)
      effect: 3.19.19

  '@msgpackr-extract/msgpackr-extract-darwin-arm64@3.0.3':
    optional: true

  '@msgpackr-extract/msgpackr-extract-darwin-x64@3.0.3':
    optional: true

  '@msgpackr-extract/msgpackr-extract-linux-arm64@3.0.3':
    optional: true

  '@msgpackr-extract/msgpackr-extract-linux-arm@3.0.3':
    optional: true

  '@msgpackr-extract/msgpackr-extract-linux-x64@3.0.3':
    optional: true

  '@msgpackr-extract/msgpackr-extract-win32-x64@3.0.3':
    optional: true

  '@standard-schema/spec@1.1.0': {}

  detect-libc@2.1.2:
    optional: true

  effect@3.19.19:
    dependencies:
      '@standard-schema/spec': 1.1.0
      fast-check: 3.23.2

  fast-check@3.23.2:
    dependencies:
      pure-rand: 6.1.0

  find-my-way-ts@0.1.6: {}

  kubernetes-types@1.30.0: {}

  msgpackr-extract@3.0.3:
    dependencies:
      node-gyp-build-optional-packages: 5.2.2
    optionalDependencies:
      '@msgpackr-extract/msgpackr-extract-darwin-arm64': 3.0.3
      '@msgpackr-extract/msgpackr-extract-darwin-x64': 3.0.3
      '@msgpackr-extract/msgpackr-extract-linux-arm': 3.0.3
      '@msgpackr-extract/msgpackr-extract-linux-arm64': 3.0.3
      '@msgpackr-extract/msgpackr-extract-linux-x64': 3.0.3
      '@msgpackr-extract/msgpackr-extract-win32-x64': 3.0.3
    optional: true

  msgpackr@1.11.8:
    optionalDependencies:
      msgpackr-extract: 3.0.3

  multipasta@0.2.7: {}

  node-gyp-build-optional-packages@5.2.2:
    dependencies:
      detect-libc: 2.1.2
    optional: true

  pure-rand@6.1.0: {}

  uuid@11.1.0: {}
