lockfileVersion: 5.4

specifiers:
  wip: ^1.3.0

dependencies:
  wip: 1.3.0

packages:

  /@types/keyv/3.1.4:
    resolution: {integrity: sha512-BQ5aZNSCpj7D6K2ksrRCTmKRLEpnPvWDiLPfoGyhZ++8YtiK9d/3DBKPJgry359X/P1PfruyYwvnvwFjuEiEIg==}
    dependencies:
      '@types/node': 18.16.3
    dev: false

  /@types/node/18.16.3:
    resolution: {integrity: sha512-OPs5WnnT1xkCBiuQrZA4+YAV4HEJejmHneyraIaxsbev5yCEr6KMwINNFP9wQeFIw8FWcoTqF3vQsa5CDaI+8Q==}
    dev: false

  /@types/responselike/1.0.0:
    resolution: {integrity: sha512-85Y2BjiufFzaMIlvJDvTTB8Fxl2xfLo4HgmHzVBz08w4wDePCTjYw66PdrolO0kzli3yam/YCgRufyo1DdQVTA==}
    dependencies:
      '@types/node': 18.16.3
    dev: false

  /ansi-regex/2.1.1:
    resolution: {integrity: sha512-TIGnTpdo+E3+pCyAluZvtED5p5wCqLdezCyhPZzKPcxvFplEt4i+W7OONCKgeZFT3+y5NZZfOOS/Bdcanm1MYA==}
    engines: {node: '>=0.10.0'}
    dev: false

  /ansi-styles/2.2.1:
    resolution: {integrity: sha512-kmCevFghRiWM7HB5zTPULl4r9bVFSWjz62MhqizDGUrq2NWuNMQyuv4tHHoKJHs69M/MF64lEcHdYIocrdWQYA==}
    engines: {node: '>=0.10.0'}
    dev: false

  /boxen/0.3.1:
    resolution: {integrity: sha512-u9JPc+sK+tsB7uH0870GNESSm2I005T9nE9fug2X/6COxMJ9qXmSducVSFt5f3xdZgR/PtKXVJTxN296cMCP6w==}
    engines: {node: '>=0.10.0'}
    dependencies:
      chalk: 1.1.3
      filled-array: 1.1.0
      object-assign: 4.1.1
      repeating: 2.0.1
      string-width: 1.0.2
      widest-line: 1.0.0
    dev: false

  /boxen/0.5.1:
    resolution: {integrity: sha512-iwo9RhYUoMgezG93Hn2pbVYOYBHYT4JvhtC6O7FbSjkL7WLZc+N9h/0EcJXlr5U2gh44QE1qqAScBgygXH885w==}
    engines: {node: '>=0.10.0'}
    dependencies:
      camelcase: 2.1.1
      chalk: 1.1.3
      cli-boxes: 1.0.0
      filled-array: 1.1.0
      object-assign: 4.1.1
      repeating: 2.0.1
      string-width: 1.0.2
      widest-line: 1.0.0
    dev: false

  /camelcase/2.1.1:
    resolution: {integrity: sha512-DLIsRzJVBQu72meAKPkWQOLcujdXT32hwdfnkI1frSiSRMK1MofjKHf+MEx0SB6fjEFXL8fBDv1dKymBlOp4Qw==}
    engines: {node: '>=0.10.0'}
    dev: false

  /capture-stack-trace/1.0.2:
    resolution: {integrity: sha512-X/WM2UQs6VMHUtjUDnZTRI+i1crWteJySFzr9UpGoQa4WQffXVTTXuekjl7TjZRlcF2XfjgITT0HxZ9RnxeT0w==}
    engines: {node: '>=0.10.0'}
    dev: false

  /chalk/1.1.3:
    resolution: {integrity: sha512-U3lRVLMSlsCfjqYPbLyVv11M9CPW4I728d6TCKMAOJueEeB9/8o+eSsMnxPJD+Q+K909sdESg7C+tIkoH6on1A==}
    engines: {node: '>=0.10.0'}
    dependencies:
      ansi-styles: 2.2.1
      escape-string-regexp: 1.0.5
      has-ansi: 2.0.0
      strip-ansi: 3.0.1
      supports-color: 2.0.0
    dev: false

  /cli-boxes/1.0.0:
    resolution: {integrity: sha512-3Fo5wu8Ytle8q9iCzS4D2MWVL2X7JVWRiS1BnXbTFDhS9c/REkM9vd1AmabsoZoY5/dGi5TT9iKL8Kb6DeBRQg==}
    engines: {node: '>=0.10.0'}
    dev: false

  /code-point-at/1.1.0:
    resolution: {integrity: sha512-RpAVKQA5T63xEj6/giIbUEtZwJ4UFIc3ZtvEkiaUERylqe8xb5IvqcgOurZLahv93CLKfxcw5YI+DZcUBRyLXA==}
    engines: {node: '>=0.10.0'}
    dev: false

  /configstore/2.1.0:
    resolution: {integrity: sha512-BOCxwwxF5WPspp1OBq9j0JLyL5JgJOTssz9PdOHr8VWjFijaC3PpjU48vFEX3uxx8sTusnVQckLbNzBq6fmkGw==}
    engines: {node: '>=0.10.0'}
    dependencies:
      dot-prop: 3.0.0
      graceful-fs: 4.2.11
      mkdirp: 0.5.6
      object-assign: 4.1.1
      os-tmpdir: 1.0.2
      osenv: 0.1.5
      uuid: 2.0.3
      write-file-atomic: 1.3.4
      xdg-basedir: 2.0.0
    dev: false

  /core-util-is/1.0.3:
    resolution: {integrity: sha512-ZQBvi1DcpJ4GDqanjucZ2Hj3wEO5pZDS89BWbkcrvdxksJorwUDDZamX9ldFkp9aw2lmBDLgkObEA4DWNJ9FYQ==}
    dev: false

  /create-error-class/3.0.2:
    resolution: {integrity: sha512-gYTKKexFO3kh200H1Nit76sRwRtOY32vQd3jpAQKpLtZqyNsSQNfI4N7o3eP2wUjV35pTWKRYqFUDBvUha/Pkw==}
    engines: {node: '>=0.10.0'}
    dependencies:
      capture-stack-trace: 1.0.2
    dev: false

  /deep-extend/0.6.0:
    resolution: {integrity: sha512-LOHxIOaPYdHlJRtCQfDIVZtfw/ufM8+rVj649RIHzcm/vGwQRXFt6OPqIFWsm2XEMrNIEtWR64sY1LEKD2vAOA==}
    engines: {node: '>=4.0.0'}
    dev: false

  /dot-prop/3.0.0:
    resolution: {integrity: sha512-k4ELWeEU3uCcwub7+dWydqQBRjAjkV9L33HjVRG5Xo2QybI6ja/v+4W73SRi8ubCqJz0l9XsTP1NbewfyqaSlw==}
    engines: {node: '>=0.10.0'}
    dependencies:
      is-obj: 1.0.1
    dev: false

  /duplexer2/0.1.4:
    resolution: {integrity: sha512-asLFVfWWtJ90ZyOUHMqk7/S2w2guQKxUI2itj3d92ADHhxUSbCMGi1f1cBcJ7xM1To+pE/Khbwo1yuNbMEPKeA==}
    dependencies:
      readable-stream: 2.3.8
    dev: false

  /error-ex/1.3.2:
    resolution: {integrity: sha512-7dFHNmqeFSEt2ZBsCriorKnn3Z2pj+fd9kmI6QoWw4//DL+icEBfc0U7qJCisqrTsKTjw4fNFy2pW9OqStD84g==}
    dependencies:
      is-arrayish: 0.2.1
    dev: false

  /escape-string-regexp/1.0.5:
    resolution: {integrity: sha512-vbRorB5FUQWvla16U8R/qgaFIya2qGzwDrNmCZuYKrbdSUMG6I1ZCGQRefkRVhuOkIGVne7BQ35DSfo1qvJqFg==}
    engines: {node: '>=0.8.0'}
    dev: false

  /filled-array/1.1.0:
    resolution: {integrity: sha512-4XwZ1k4rgoF3Yap59MyXFmiUh2zu9fht32NYPSRYwLv4o8BWHxi60I1VH5kHje14qGMoS3qyfHQUsN16ROOugQ==}
    engines: {node: '>=0.10.0'}
    dev: false

  /find-exec/0.0.8:
    resolution: {integrity: sha512-fmrBExD80RZgAIUdRev77ZKl3F3QAv8oDLQMh5J+BFtFOUrjnF43kAMhZ+EYwmrWZfxx7x+UxQU1iQiQCn5mPw==}
    dependencies:
      sync-exec: 0.6.2
    dev: false

  /got/5.7.1:
    resolution: {integrity: sha512-1qd54GLxvVgzuidFmw9ze9umxS3rzhdBH6Wt6BTYrTQUXTN01vGGYXwzLzYLowNx8HBH3/c7kRyvx90fh13i7Q==}
    engines: {node: '>=0.10.0 <7'}
    dependencies:
      '@types/keyv': 3.1.4
      '@types/responselike': 1.0.0
      create-error-class: 3.0.2
      duplexer2: 0.1.4
      is-redirect: 1.0.0
      is-retry-allowed: 1.2.0
      is-stream: 1.1.0
      lowercase-keys: 1.0.1
      node-status-codes: 1.0.0
      object-assign: 4.1.1
      parse-json: 2.2.0
      pinkie-promise: 2.0.1
      read-all-stream: 3.1.0
      readable-stream: 2.3.8
      timed-out: 3.1.3
      unzip-response: 1.0.2
      url-parse-lax: 1.0.0
    dev: false

  /graceful-fs/4.2.11:
    resolution: {integrity: sha512-RbJ5/jmFcNNCcDV5o9eTnBLJ/HszWV0P73bc+Ff4nS/rJj+YaS6IGyiOL0VoBYX+l1Wrl3k63h/KrH+nhJ0XvQ==}
    dev: false

  /has-ansi/2.0.0:
    resolution: {integrity: sha512-C8vBJ8DwUCx19vhm7urhTuUsr4/IyP6l4VzNQDv+ryHQObW3TTTp9yB68WpYgRe2bbaGuZ/se74IqFeVnMnLZg==}
    engines: {node: '>=0.10.0'}
    dependencies:
      ansi-regex: 2.1.1
    dev: false

  /imurmurhash/0.1.4:
    resolution: {integrity: sha512-JmXMZ6wuvDmLiHEml9ykzqO6lwFbof0GG4IkcGaENdCRDDmMVnny7s5HsIgHCbaq0w2MyPhDqkhTUgS2LU2PHA==}
    engines: {node: '>=0.8.19'}
    dev: false

  /inherits/2.0.4:
    resolution: {integrity: sha512-k/vGaX4/Yla3WzyMCvTQOXYeIHvqOKtnqBduzTHpzpQZzAskKMhZ2K+EnBiSM9zGSoIFeMpXKxa4dYeZIQqewQ==}
    dev: false

  /ini/1.3.8:
    resolution: {integrity: sha512-JV/yugV2uzW5iMRSiZAyDtQd+nxtUnjeLt0acNdw98kKLrvuRVyB80tsREOE7yvGVgalhZ6RNXCmEHkUKBKxew==}
    dev: false

  /is-arrayish/0.2.1:
    resolution: {integrity: sha512-zz06S8t0ozoDXMG+ube26zeCTNXcKIPJZJi8hBrF4idCLms4CG9QtK7qBl1boi5ODzFpjswb5JPmHCbMpjaYzg==}
    dev: false

  /is-finite/1.1.0:
    resolution: {integrity: sha512-cdyMtqX/BOqqNBBiKlIVkytNHm49MtMlYyn1zxzvJKWmFMlGzm+ry5BBfYyeY9YmNKbRSo/o7OX9w9ale0wg3w==}
    engines: {node: '>=0.10.0'}
    dev: false

  /is-fullwidth-code-point/1.0.0:
    resolution: {integrity: sha512-1pqUqRjkhPJ9miNq9SwMfdvi6lBJcd6eFxvfaivQhaH3SgisfiuudvFntdKOmxuee/77l+FPjKrQjWvmPjWrRw==}
    engines: {node: '>=0.10.0'}
    dependencies:
      number-is-nan: 1.0.1
    dev: false

  /is-npm/1.0.0:
    resolution: {integrity: sha512-9r39FIr3d+KD9SbX0sfMsHzb5PP3uimOiwr3YupUaUFG4W0l1U57Rx3utpttV7qz5U3jmrO5auUa04LU9pyHsg==}
    engines: {node: '>=0.10.0'}
    dev: false

  /is-obj/1.0.1:
    resolution: {integrity: sha512-l4RyHgRqGN4Y3+9JHVrNqO+tN0rV5My76uW5/nuO4K1b6vw5G8d/cmFjP9tRfEsdhZNt0IFdZuK/c2Vr4Nb+Qg==}
    engines: {node: '>=0.10.0'}
    dev: false

  /is-redirect/1.0.0:
    resolution: {integrity: sha512-cr/SlUEe5zOGmzvj9bUyC4LVvkNVAXu4GytXLNMr1pny+a65MpQ9IJzFHD5vi7FyJgb4qt27+eS3TuQnqB+RQw==}
    engines: {node: '>=0.10.0'}
    dev: false

  /is-retry-allowed/1.2.0:
    resolution: {integrity: sha512-RUbUeKwvm3XG2VYamhJL1xFktgjvPzL0Hq8C+6yrWIswDy3BIXGqCxhxkc30N9jqK311gVU137K8Ei55/zVJRg==}
    engines: {node: '>=0.10.0'}
    dev: false

  /is-stream/1.1.0:
    resolution: {integrity: sha512-uQPm8kcs47jx38atAcWTVxyltQYoPT68y9aWYdV6yWXSyW8mzSat0TL6CiWdZeCdF3KrAvpVtnHbTv4RN+rqdQ==}
    engines: {node: '>=0.10.0'}
    dev: false

  /isarray/1.0.0:
    resolution: {integrity: sha512-VLghIWNM6ELQzo7zwmcg0NmTVyWKYjvIeM83yjp0wRDTmUnrM678fQbcKBo6n2CJEF0szoG//ytg+TKla89ALQ==}
    dev: false

  /latest-version/2.0.0:
    resolution: {integrity: sha512-8925wFYLfWBciewimt0VmDyYw0GFCRcbFSTrZGt4JgQ7lh5jb/kodMlUt0uMaxXdRKVi+7F3ib30N7fTv83ikw==}
    engines: {node: '>=0.10.0'}
    dependencies:
      package-json: 2.4.0
    dev: false

  /lowercase-keys/1.0.1:
    resolution: {integrity: sha512-G2Lj61tXDnVFFOi8VZds+SoQjtQC3dgokKdDG2mTm1tx4m50NUHBOZSBwQQHyy0V12A0JTG4icfZQH+xPyh8VA==}
    engines: {node: '>=0.10.0'}
    dev: false

  /minimist/1.2.8:
    resolution: {integrity: sha512-2yyAR8qBkN3YuheJanUpWC5U3bb5osDywNB8RzDVlDwDHbocAJveqqj1u8+SVD7jkWT4yvsHCpWqqWqAxb0zCA==}
    dev: false

  /mkdirp/0.5.6:
    resolution: {integrity: sha512-FP+p8RB8OWpF3YZBCrP5gtADmtXApB5AMLn+vdyA+PyxCjrCs00mjyUozssO33cwDeT3wNGdLxJ5M//YqtHAJw==}
    hasBin: true
    dependencies:
      minimist: 1.2.8
    dev: false

  /node-status-codes/1.0.0:
    resolution: {integrity: sha512-1cBMgRxdMWE8KeWCqk2RIOrvUb0XCwYfEsY5/y2NlXyq4Y/RumnOZvTj4Nbr77+Vb2C+kyBoRTdkNOS8L3d/aQ==}
    engines: {node: '>=0.10.0'}
    dev: false

  /number-is-nan/1.0.1:
    resolution: {integrity: sha512-4jbtZXNAsfZbAHiiqjLPBiCl16dES1zI4Hpzzxw61Tk+loF+sBDBKx1ICKKKwIqQ7M0mFn1TmkN7euSncWgHiQ==}
    engines: {node: '>=0.10.0'}
    dev: false

  /object-assign/4.1.1:
    resolution: {integrity: sha512-rJgTQnkUnH1sFw8yT6VSU3zD3sWmu6sZhIseY8VX+GRu3P6F7Fu+JNDoXfklElbLJSnc3FUQHVe4cU5hj+BcUg==}
    engines: {node: '>=0.10.0'}
    dev: false

  /os-homedir/1.0.2:
    resolution: {integrity: sha512-B5JU3cabzk8c67mRRd3ECmROafjYMXbuzlwtqdM8IbS8ktlTix8aFGb2bAGKrSRIlnfKwovGUUr72JUPyOb6kQ==}
    engines: {node: '>=0.10.0'}
    dev: false

  /os-tmpdir/1.0.2:
    resolution: {integrity: sha512-D2FR03Vir7FIu45XBY20mTb+/ZSWB00sjU9jdQXt83gDrI4Ztz5Fs7/yy74g2N5SVQY4xY1qDr4rNddwYRVX0g==}
    engines: {node: '>=0.10.0'}
    dev: false

  /osenv/0.1.5:
    resolution: {integrity: sha512-0CWcCECdMVc2Rw3U5w9ZjqX6ga6ubk1xDVKxtBQPK7wis/0F2r9T6k4ydGYhecl7YUBxBVxhL5oisPsNxAPe2g==}
    dependencies:
      os-homedir: 1.0.2
      os-tmpdir: 1.0.2
    dev: false

  /package-json/2.4.0:
    resolution: {integrity: sha512-PRg65iXMTt/uK8Rfh5zvzkUbfAPitF17YaCY+IbHsYgksiLvtzWWTUildHth3mVaZ7871OJ7gtP4LBRBlmAdXg==}
    engines: {node: '>=0.10.0'}
    dependencies:
      got: 5.7.1
      registry-auth-token: 3.4.0
      registry-url: 3.1.0
      semver: 5.7.1
    dev: false

  /parse-json/2.2.0:
    resolution: {integrity: sha512-QR/GGaKCkhwk1ePQNYDRKYZ3mwU9ypsKhB0XyFnLQdomyEqk3e8wpW3V5Jp88zbxK4n5ST1nqo+g9juTpownhQ==}
    engines: {node: '>=0.10.0'}
    dependencies:
      error-ex: 1.3.2
    dev: false

  /pinkie-promise/2.0.1:
    resolution: {integrity: sha512-0Gni6D4UcLTbv9c57DfxDGdr41XfgUjqWZu492f0cIGr16zDU06BWP/RAEvOuo7CQ0CNjHaLlM59YJJFm3NWlw==}
    engines: {node: '>=0.10.0'}
    dependencies:
      pinkie: 2.0.4
    dev: false

  /pinkie/2.0.4:
    resolution: {integrity: sha512-MnUuEycAemtSaeFSjXKW/aroV7akBbY+Sv+RkyqFjgAe73F+MR0TBWKBRDkmfWq/HiFmdavfZ1G7h4SPZXaCSg==}
    engines: {node: '>=0.10.0'}
    dev: false

  /play-sound/0.0.7:
    resolution: {integrity: sha512-nOtgzXV/nqey4ZfvB9VfqzXPXS7hJEifXd2kkZt7vCWCHWfYdMQ9MotzhP4ZUOzauZx9cOfNvjZ1ylYzfpz+nQ==}
    dependencies:
      find-exec: 0.0.8
    dev: false

  /prepend-http/1.0.4:
    resolution: {integrity: sha512-PhmXi5XmoyKw1Un4E+opM2KcsJInDvKyuOumcjjw3waw86ZNjHwVUOOWLc4bCzLdcKNaWBH9e99sbWzDQsVaYg==}
    engines: {node: '>=0.10.0'}
    dev: false

  /process-nextick-args/2.0.1:
    resolution: {integrity: sha512-3ouUOpQhtgrbOa17J7+uxOTpITYWaGP7/AhoR3+A+/1e9skrzelGi/dXzEYyvbxubEF6Wn2ypscTKiKJFFn1ag==}
    dev: false

  /rc/1.2.8:
    resolution: {integrity: sha512-y3bGgqKj3QBdxLbLkomlohkvsA8gdAiUQlSBJnBhfn+BPxg4bc62d8TcBW15wavDfgexCgccckhcZvywyQYPOw==}
    hasBin: true
    dependencies:
      deep-extend: 0.6.0
      ini: 1.3.8
      minimist: 1.2.8
      strip-json-comments: 2.0.1
    dev: false

  /read-all-stream/3.1.0:
    resolution: {integrity: sha512-DI1drPHbmBcUDWrJ7ull/F2Qb8HkwBncVx8/RpKYFSIACYaVRQReISYPdZz/mt1y1+qMCOrfReTopERmaxtP6w==}
    engines: {node: '>=0.10.0'}
    dependencies:
      pinkie-promise: 2.0.1
      readable-stream: 2.3.8
    dev: false

  /readable-stream/2.3.8:
    resolution: {integrity: sha512-8p0AUk4XODgIewSi0l8Epjs+EVnWiK7NoDIEGU0HhE7+ZyY8D1IMY7odu5lRrFXGg71L15KG8QrPmum45RTtdA==}
    dependencies:
      core-util-is: 1.0.3
      inherits: 2.0.4
      isarray: 1.0.0
      process-nextick-args: 2.0.1
      safe-buffer: 5.1.2
      string_decoder: 1.1.1
      util-deprecate: 1.0.2
    dev: false

  /registry-auth-token/3.4.0:
    resolution: {integrity: sha512-4LM6Fw8eBQdwMYcES4yTnn2TqIasbXuwDx3um+QRs7S55aMKCBKBxvPXl2RiUjHwuJLTyYfxSpmfSAjQpcuP+A==}
    dependencies:
      rc: 1.2.8
      safe-buffer: 5.2.1
    dev: false

  /registry-url/3.1.0:
    resolution: {integrity: sha512-ZbgR5aZEdf4UKZVBPYIgaglBmSF2Hi94s2PcIHhRGFjKYu+chjJdYfHn4rt3hB6eCKLJ8giVIIfgMa1ehDfZKA==}
    engines: {node: '>=0.10.0'}
    dependencies:
      rc: 1.2.8
    dev: false

  /repeating/2.0.1:
    resolution: {integrity: sha512-ZqtSMuVybkISo2OWvqvm7iHSWngvdaW3IpsT9/uP8v4gMi591LY6h35wdOfvQdWCKFWZWm2Y1Opp4kV7vQKT6A==}
    engines: {node: '>=0.10.0'}
    dependencies:
      is-finite: 1.1.0
    dev: false

  /safe-buffer/5.1.2:
    resolution: {integrity: sha512-Gd2UZBJDkXlY7GbJxfsE8/nvKkUEU1G38c1siN6QP6a9PT9MmHB8GnpscSmMJSoF8LOIrt8ud/wPtojys4G6+g==}
    dev: false

  /safe-buffer/5.2.1:
    resolution: {integrity: sha512-rp3So07KcdmmKbGvgaNxQSJr7bGVSVk5S9Eq1F+ppbRo70+YeaDxkw5Dd8NPN+GD6bjnYm2VuPuCXmpuYvmCXQ==}
    dev: false

  /semver-diff/2.1.0:
    resolution: {integrity: sha512-gL8F8L4ORwsS0+iQ34yCYv///jsOq0ZL7WP55d1HnJ32o7tyFYEFQZQA22mrLIacZdU6xecaBBZ+uEiffGNyXw==}
    engines: {node: '>=0.10.0'}
    dependencies:
      semver: 5.7.1
    dev: false

  /semver/5.7.1:
    resolution: {integrity: sha512-sauaDf/PZdVgrLTNYHRtpXa1iRiKcaebiKQ1BJdpQlWH2lCvexQdX55snPFyK7QzpudqbCI0qXFfOasHdyNDGQ==}
    hasBin: true
    dev: false

  /slide/1.1.6:
    resolution: {integrity: sha512-NwrtjCg+lZoqhFU8fOwl4ay2ei8PaqCBOUV3/ektPY9trO1yQ1oXEfmHAhKArUVUr/hOHvy5f6AdP17dCM0zMw==}
    dev: false

  /string-width/1.0.2:
    resolution: {integrity: sha512-0XsVpQLnVCXHJfyEs8tC0zpTVIr5PKKsQtkT29IwupnPTjtPmQ3xT/4yCREF9hYkV/3M3kzcUTSAZT6a6h81tw==}
    engines: {node: '>=0.10.0'}
    dependencies:
      code-point-at: 1.1.0
      is-fullwidth-code-point: 1.0.0
      strip-ansi: 3.0.1
    dev: false

  /string_decoder/1.1.1:
    resolution: {integrity: sha512-n/ShnvDi6FHbbVfviro+WojiFzv+s8MPMHBczVePfUpDJLwoLT0ht1l4YwBCbi8pJAveEEdnkHyPyTP/mzRfwg==}
    dependencies:
      safe-buffer: 5.1.2
    dev: false

  /strip-ansi/3.0.1:
    resolution: {integrity: sha512-VhumSSbBqDTP8p2ZLKj40UjBCV4+v8bUSEpUb4KjRgWk9pbqGF4REFj6KEagidb2f/M6AzC0EmFyDNGaw9OCzg==}
    engines: {node: '>=0.10.0'}
    dependencies:
      ansi-regex: 2.1.1
    dev: false

  /strip-json-comments/2.0.1:
    resolution: {integrity: sha512-4gB8na07fecVVkOI6Rs4e7T6NOTki5EmL7TUduTs6bu3EdnSycntVJ4re8kgZA+wx9IueI2Y11bfbgwtzuE0KQ==}
    engines: {node: '>=0.10.0'}
    dev: false

  /supports-color/2.0.0:
    resolution: {integrity: sha512-KKNVtd6pCYgPIKU4cp2733HWYCpplQhddZLBUryaAHou723x+FRzQ5Df824Fj+IyyuiQTRoub4SnIFfIcrp70g==}
    engines: {node: '>=0.8.0'}
    dev: false

  /sync-exec/0.6.2:
    resolution: {integrity: sha512-FHup6L3hMWn+2asiIC/7kj/3CaMM8aAAKPx62DRk42hQkz4H2yBADR0OnnY8Eh5Bxrzb371aPUfnW4WzAUYItQ==}
    dev: false

  /timed-out/3.1.3:
    resolution: {integrity: sha512-3RB4qgvPkxF/FGPnrzaWLhW1rxNK2sdH0mFjbhxkfTR6QXvcM3EtYm9L44UrhODZrZ+yhDXeMncLqi8QXn2MJg==}
    engines: {node: '>=0.10.0'}
    dev: false

  /unzip-response/1.0.2:
    resolution: {integrity: sha512-pwCcjjhEcpW45JZIySExBHYv5Y9EeL2OIGEfrSKp2dMUFGFv4CpvZkwJbVge8OvGH2BNNtJBx67DuKuJhf+N5Q==}
    engines: {node: '>=0.10'}
    dev: false

  /update-notifier/0.6.3:
    resolution: {integrity: sha512-Gjt2a7j+qL2wvazHPSkWZOay4NfZe7WpV63OtrKbK6Uxyta0U1aS7f++XSNpljIinKYLC8wrNfPHYkPmV5AhbQ==}
    engines: {node: '>=0.10.0'}
    dependencies:
      boxen: 0.3.1
      chalk: 1.1.3
      configstore: 2.1.0
      is-npm: 1.0.0
      latest-version: 2.0.0
      semver-diff: 2.1.0
    dev: false

  /url-parse-lax/1.0.0:
    resolution: {integrity: sha512-BVA4lR5PIviy2PMseNd2jbFQ+jwSwQGdJejf5ctd1rEXt0Ypd7yanUK9+lYechVlN5VaTJGsu2U/3MDDu6KgBA==}
    engines: {node: '>=0.10.0'}
    dependencies:
      prepend-http: 1.0.4
    dev: false

  /util-deprecate/1.0.2:
    resolution: {integrity: sha512-EPD5q1uXyFxJpCrLnCc1nHnq3gOa6DZBocAIiI2TaSCA7VCJ1UJDMagCzIkXNsUYfD1daK//LTEQ8xiIbrHtcw==}
    dev: false

  /uuid/2.0.3:
    resolution: {integrity: sha512-FULf7fayPdpASncVy4DLh3xydlXEJJpvIELjYjNeQWYUZ9pclcpvCZSr2gkmN2FrrGcI7G/cJsIEwk5/8vfXpg==}
    deprecated: Please upgrade  to version 7 or higher.  Older versions may use Math.random() in certain circumstances, which is known to be problematic.  See https://v8.dev/blog/math-random for details.
    dev: false

  /widest-line/1.0.0:
    resolution: {integrity: sha512-r5vvGtqsHUHn98V0jURY4Ts86xJf6+SzK9rpWdV8/73nURB3WFPIHd67aOvPw2fSuunIyHjAUqiJ2TY0x4E5gw==}
    engines: {node: '>=0.10.0'}
    dependencies:
      string-width: 1.0.2
    dev: false

  /wip/1.3.0:
    resolution: {integrity: sha512-nthbgXo1bRIl0jCx31SXsjLVaC9NUUudpp8MLTWPp1csWSClgH/ICrbaPNlCVq6pUgM+gFlhAdrZHEkiTH7mHQ==}
    hasBin: true
    dependencies:
      boxen: 0.5.1
      chalk: 1.1.3
      configstore: 2.1.0
      play-sound: 0.0.7
      update-notifier: 0.6.3
    dev: false

  /write-file-atomic/1.3.4:
    resolution: {integrity: sha512-SdrHoC/yVBPpV0Xq/mUZQIpW2sWXAShb/V4pomcJXh92RuaO+f3UTWItiR3Px+pLnV2PvC2/bfn5cwr5X6Vfxw==}
    dependencies:
      graceful-fs: 4.2.11
      imurmurhash: 0.1.4
      slide: 1.1.6
    dev: false

  /xdg-basedir/2.0.0:
    resolution: {integrity: sha512-NF1pPn594TaRSUO/HARoB4jK8I+rWgcpVlpQCK6/6o5PHyLUt2CSiDrpUZbQ6rROck+W2EwF8mBJcTs+W98J9w==}
    engines: {node: '>=0.10.0'}
    dependencies:
      os-homedir: 1.0.2
    dev: false
